
Microsoft Visual Studio Solution File, Format Version 12.00
# Visual Studio Version 16
VisualStudioVersion = 16.0.29322.22
MinimumVisualStudioVersion = 15.0.26124.0
Project("{2150E333-8FDC-42A3-9474-1A3956D46DE8}") = "Solution Items", "Solution Items", "{1CE9670B-D5FF-46A7-9D00-24E70E6ED48B}"
	ProjectSection(SolutionItems) = preProject
		..\.editorconfig = ..\.editorconfig
		Directory.Build.props = Directory.Build.props
		Directory.Build.targets = Directory.Build.targets
		..\global.json = ..\global.json
		..\nuget.config = ..\nuget.config
		shipping.ruleset = shipping.ruleset
		stylecop.json = stylecop.json
		tests.ruleset = tests.ruleset
		..\version.json = ..\version.json
	EndProjectSection
EndProject
Project("{9A19103F-16F7-4668-BE54-9A1E7A4F7556}") = "Rixian.Extensions.AspNetCore", "Rixian.Extensions.AspNetCore\Rixian.Extensions.AspNetCore.csproj", "{CD08628B-5864-4412-8A16-6D204D194CF6}"
EndProject
Project("{9A19103F-16F7-4668-BE54-9A1E7A4F7556}") = "Rixian.Extensions.AspNetCore.Tests", "Rixian.Extensions.AspNetCore.Tests\Rixian.Extensions.AspNetCore.Tests.csproj", "{A3C26E14-C810-4285-9F90-52306DD1A39D}"
EndProject
Project("{9A19103F-16F7-4668-BE54-9A1E7A4F7556}") = "Rixian.Extensions.AspNetCore.OpenIdConnect", "Rixian.Extensions.AspNetCore.OpenIdConnect\Rixian.Extensions.AspNetCore.OpenIdConnect.csproj", "{ABF924F9-06D9-4833-B665-9222AB8D5DB5}"
EndProject
Project("{9A19103F-16F7-4668-BE54-9A1E7A4F7556}") = "Rixian.Extensions.AspNetCore.Sample.Api", "Rixian.Extensions.AspNetCore.Sample.Api\Rixian.Extensions.AspNetCore.Sample.Api.csproj", "{44AA9AC3-4494-4E43-90B8-F3436D344A84}"
EndProject
Project("{9A19103F-16F7-4668-BE54-9A1E7A4F7556}") = "Rixian.Extensions.AspNetCore.StackExchangeRedis", "Rixian.Extensions.AspNetCore.StackExchangeRedis\Rixian.Extensions.AspNetCore.StackExchangeRedis.csproj", "{4039968D-D554-4FFC-A36E-8D9638863E92}"
EndProject
Project("{9A19103F-16F7-4668-BE54-9A1E7A4F7556}") = "Rixian.Extensions.AspNetCore.DataProtection", "Rixian.Extensions.AspNetCore.DataProtection\Rixian.Extensions.AspNetCore.DataProtection.csproj", "{2A0B1D5A-1852-484F-AAD7-29E6EFAE29EF}"
EndProject
Project("{9A19103F-16F7-4668-BE54-9A1E7A4F7556}") = "Rixian.Extensions.AspNetCore.Api", "Rixian.Extensions.AspNetCore.Api\Rixian.Extensions.AspNetCore.Api.csproj", "{4B2B0EB1-0C2E-4CCB-BE8D-0C2D66D1D67A}"
EndProject
Project("{2150E333-8FDC-42A3-9474-1A3956D46DE8}") = "_demo", "_demo", "{9118273F-85CA-45D6-B9D3-36219D22A747}"
EndProject
Project("{9A19103F-16F7-4668-BE54-9A1E7A4F7556}") = "Rixian.Extensions.AspNetCore.Demo.BasicWebApi", "..\demo\Rixian.Extensions.AspNetCore.Demo.BasicWebApi\Rixian.Extensions.AspNetCore.Demo.BasicWebApi.csproj", "{C7DA8B24-B2C3-4282-9AE5-43C9D1E7A367}"
EndProject
Project("{9A19103F-16F7-4668-BE54-9A1E7A4F7556}") = "Rixian.Extensions.AspNetCore.Demo.BasicRazorPage", "..\demo\Rixian.Extensions.AspNetCore.Demo.BasicRazorPage\Rixian.Extensions.AspNetCore.Demo.BasicRazorPage.csproj", "{5DCF26E3-E855-4E4F-BA98-D23BFDF2FB54}"
EndProject
Project("{9A19103F-16F7-4668-BE54-9A1E7A4F7556}") = "Rixian.Extensions.AspNetCore.Generators", "Rixian.Extensions.AspNetCore.Generators\Rixian.Extensions.AspNetCore.Generators.csproj", "{8AB137F4-EF30-417B-A75B-5DB23E49B05C}"
EndProject
Project("{FAE04EC0-301F-11D3-BF4B-00C04F79EFBC}") = "Rixian.Extensions.AspNetCore.Demo.CompleteRazorPage", "..\demo\Rixian.Extensions.AspNetCore.Demo.CompleteRazorPage\Rixian.Extensions.AspNetCore.Demo.CompleteRazorPage.csproj", "{6B8C980B-37F3-4FD7-AC03-EF3EA3C163B9}"
EndProject
Global
	GlobalSection(SolutionConfigurationPlatforms) = preSolution
		Debug|Any CPU = Debug|Any CPU
		Release|Any CPU = Release|Any CPU
	EndGlobalSection
	GlobalSection(ProjectConfigurationPlatforms) = postSolution
		{CD08628B-5864-4412-8A16-6D204D194CF6}.Debug|Any CPU.ActiveCfg = Debug|Any CPU
		{CD08628B-5864-4412-8A16-6D204D194CF6}.Debug|Any CPU.Build.0 = Debug|Any CPU
		{CD08628B-5864-4412-8A16-6D204D194CF6}.Release|Any CPU.ActiveCfg = Release|Any CPU
		{CD08628B-5864-4412-8A16-6D204D194CF6}.Release|Any CPU.Build.0 = Release|Any CPU
		{A3C26E14-C810-4285-9F90-52306DD1A39D}.Debug|Any CPU.ActiveCfg = Debug|Any CPU
		{A3C26E14-C810-4285-9F90-52306DD1A39D}.Debug|Any CPU.Build.0 = Debug|Any CPU
		{A3C26E14-C810-4285-9F90-52306DD1A39D}.Release|Any CPU.ActiveCfg = Release|Any CPU
		{A3C26E14-C810-4285-9F90-52306DD1A39D}.Release|Any CPU.Build.0 = Release|Any CPU
		{ABF924F9-06D9-4833-B665-9222AB8D5DB5}.Debug|Any CPU.ActiveCfg = Debug|Any CPU
		{ABF924F9-06D9-4833-B665-9222AB8D5DB5}.Debug|Any CPU.Build.0 = Debug|Any CPU
		{ABF924F9-06D9-4833-B665-9222AB8D5DB5}.Release|Any CPU.ActiveCfg = Release|Any CPU
		{ABF924F9-06D9-4833-B665-9222AB8D5DB5}.Release|Any CPU.Build.0 = Release|Any CPU
		{44AA9AC3-4494-4E43-90B8-F3436D344A84}.Debug|Any CPU.ActiveCfg = Debug|Any CPU
		{44AA9AC3-4494-4E43-90B8-F3436D344A84}.Debug|Any CPU.Build.0 = Debug|Any CPU
		{44AA9AC3-4494-4E43-90B8-F3436D344A84}.Release|Any CPU.ActiveCfg = Release|Any CPU
		{44AA9AC3-4494-4E43-90B8-F3436D344A84}.Release|Any CPU.Build.0 = Release|Any CPU
		{4039968D-D554-4FFC-A36E-8D9638863E92}.Debug|Any CPU.ActiveCfg = Debug|Any CPU
		{4039968D-D554-4FFC-A36E-8D9638863E92}.Debug|Any CPU.Build.0 = Debug|Any CPU
		{4039968D-D554-4FFC-A36E-8D9638863E92}.Release|Any CPU.ActiveCfg = Release|Any CPU
		{4039968D-D554-4FFC-A36E-8D9638863E92}.Release|Any CPU.Build.0 = Release|Any CPU
		{2A0B1D5A-1852-484F-AAD7-29E6EFAE29EF}.Debug|Any CPU.ActiveCfg = Debug|Any CPU
		{2A0B1D5A-1852-484F-AAD7-29E6EFAE29EF}.Debug|Any CPU.Build.0 = Debug|Any CPU
		{2A0B1D5A-1852-484F-AAD7-29E6EFAE29EF}.Release|Any CPU.ActiveCfg = Release|Any CPU
		{2A0B1D5A-1852-484F-AAD7-29E6EFAE29EF}.Release|Any CPU.Build.0 = Release|Any CPU
		{4B2B0EB1-0C2E-4CCB-BE8D-0C2D66D1D67A}.Debug|Any CPU.ActiveCfg = Debug|Any CPU
		{4B2B0EB1-0C2E-4CCB-BE8D-0C2D66D1D67A}.Debug|Any CPU.Build.0 = Debug|Any CPU
		{4B2B0EB1-0C2E-4CCB-BE8D-0C2D66D1D67A}.Release|Any CPU.ActiveCfg = Release|Any CPU
		{4B2B0EB1-0C2E-4CCB-BE8D-0C2D66D1D67A}.Release|Any CPU.Build.0 = Release|Any CPU
		{C7DA8B24-B2C3-4282-9AE5-43C9D1E7A367}.Debug|Any CPU.ActiveCfg = Debug|Any CPU
		{C7DA8B24-B2C3-4282-9AE5-43C9D1E7A367}.Debug|Any CPU.Build.0 = Debug|Any CPU
		{C7DA8B24-B2C3-4282-9AE5-43C9D1E7A367}.Release|Any CPU.ActiveCfg = Release|Any CPU
		{C7DA8B24-B2C3-4282-9AE5-43C9D1E7A367}.Release|Any CPU.Build.0 = Release|Any CPU
		{5DCF26E3-E855-4E4F-BA98-D23BFDF2FB54}.Debug|Any CPU.ActiveCfg = Debug|Any CPU
		{5DCF26E3-E855-4E4F-BA98-D23BFDF2FB54}.Debug|Any CPU.Build.0 = Debug|Any CPU
		{5DCF26E3-E855-4E4F-BA98-D23BFDF2FB54}.Release|Any CPU.ActiveCfg = Release|Any CPU
		{5DCF26E3-E855-4E4F-BA98-D23BFDF2FB54}.Release|Any CPU.Build.0 = Release|Any CPU
		{8AB137F4-EF30-417B-A75B-5DB23E49B05C}.Debug|Any CPU.ActiveCfg = Debug|Any CPU
		{8AB137F4-EF30-417B-A75B-5DB23E49B05C}.Debug|Any CPU.Build.0 = Debug|Any CPU
		{8AB137F4-EF30-417B-A75B-5DB23E49B05C}.Release|Any CPU.ActiveCfg = Release|Any CPU
		{8AB137F4-EF30-417B-A75B-5DB23E49B05C}.Release|Any CPU.Build.0 = Release|Any CPU
		{6B8C980B-37F3-4FD7-AC03-EF3EA3C163B9}.Debug|Any CPU.ActiveCfg = Debug|Any CPU
		{6B8C980B-37F3-4FD7-AC03-EF3EA3C163B9}.Debug|Any CPU.Build.0 = Debug|Any CPU
		{6B8C980B-37F3-4FD7-AC03-EF3EA3C163B9}.Release|Any CPU.ActiveCfg = Release|Any CPU
		{6B8C980B-37F3-4FD7-AC03-EF3EA3C163B9}.Release|Any CPU.Build.0 = Release|Any CPU
	EndGlobalSection
	GlobalSection(SolutionProperties) = preSolution
		HideSolutionNode = FALSE
	EndGlobalSection
	GlobalSection(NestedProjects) = preSolution
		{C7DA8B24-B2C3-4282-9AE5-43C9D1E7A367} = {9118273F-85CA-45D6-B9D3-36219D22A747}
		{5DCF26E3-E855-4E4F-BA98-D23BFDF2FB54} = {9118273F-85CA-45D6-B9D3-36219D22A747}
		{6B8C980B-37F3-4FD7-AC03-EF3EA3C163B9} = {9118273F-85CA-45D6-B9D3-36219D22A747}
	EndGlobalSection
	GlobalSection(ExtensibilityGlobals) = postSolution
		SolutionGuid = {E3944F6A-384B-4B0F-B93F-3BD513DC57BD}
	EndGlobalSection
EndGlobal
